{
  "version": 4,
  "terraform_version": "1.1.5",
  "serial": 64,
  "lineage": "3b885ed7-75c0-b566-0e23-97ee6bf6399e",
  "outputs": {},
  "resources": [
    {
      "mode": "managed",
      "type": "azurerm_app_service",
      "name": "nishantappservice",
      "provider": "provider[\"registry.terraform.io/hashicorp/azurerm\"]",
      "instances": [
        {
          "schema_version": 0,
          "attributes": {
            "app_service_plan_id": "/subscriptions/55cf0ba9-e3c1-4ced-b5e9-5abb7b4d39b1/resourceGroups/nishant3608dev/providers/Microsoft.Web/serverfarms/nishant3608dev",
            "app_settings": {
              "WEBSITE_NODE_DEFAULT_VERSION": "6.9.1"
            },
            "auth_settings": [
              {
                "active_directory": [],
                "additional_login_params": {},
                "allowed_external_redirect_urls": [],
                "default_provider": "",
                "enabled": false,
                "facebook": [],
                "google": [],
                "issuer": "",
                "microsoft": [],
                "runtime_version": "",
                "token_refresh_extension_hours": 0,
                "token_store_enabled": false,
                "twitter": [],
                "unauthenticated_client_action": ""
              }
            ],
            "backup": [],
            "client_affinity_enabled": false,
            "client_cert_enabled": false,
            "client_cert_mode": "Required",
            "connection_string": [],
            "custom_domain_verification_id": "4EA6B44EA9CBA2A613FD589B927B130B24169E88A4BDAF1A7C9287D2870DD22E",
            "default_site_hostname": "nishant3608dev.azurewebsites.net",
            "enabled": true,
            "https_only": false,
            "id": "/subscriptions/55cf0ba9-e3c1-4ced-b5e9-5abb7b4d39b1/resourceGroups/nishant3608dev/providers/Microsoft.Web/sites/nishant3608dev",
            "identity": [],
            "key_vault_reference_identity_id": "SystemAssigned",
            "location": "eastus",
            "logs": [
              {
                "application_logs": [
                  {
                    "azure_blob_storage": [],
                    "file_system_level": "Off"
                  }
                ],
                "detailed_error_messages_enabled": false,
                "failed_request_tracing_enabled": false,
                "http_logs": [
                  {
                    "azure_blob_storage": [],
                    "file_system": []
                  }
                ]
              }
            ],
            "name": "nishant3608dev",
            "outbound_ip_address_list": [
              "20.120.57.126",
              "20.120.57.157",
              "20.120.57.168",
              "20.120.57.202",
              "20.120.57.225",
              "20.120.57.251",
              "20.119.8.0"
            ],
            "outbound_ip_addresses": "20.120.57.126,20.120.57.157,20.120.57.168,20.120.57.202,20.120.57.225,20.120.57.251,20.119.8.0",
            "possible_outbound_ip_address_list": [
              "20.120.57.126",
              "20.120.57.157",
              "20.120.57.168",
              "20.120.57.202",
              "20.120.57.225",
              "20.120.57.251",
              "20.120.58.20",
              "20.120.58.60",
              "20.120.58.210",
              "20.120.58.218",
              "20.120.58.235",
              "20.120.58.255",
              "20.120.59.0",
              "20.120.59.21",
              "20.120.59.107",
              "20.120.59.200",
              "20.120.59.206",
              "20.120.59.247",
              "20.120.60.94",
              "20.120.60.97",
              "20.120.60.118",
              "20.120.60.157",
              "20.120.60.165",
              "20.120.60.192",
              "20.120.60.200",
              "20.120.60.203",
              "20.120.56.58",
              "20.120.61.0",
              "20.120.61.2",
              "20.120.61.11",
              "20.119.8.0"
            ],
            "possible_outbound_ip_addresses": "20.120.57.126,20.120.57.157,20.120.57.168,20.120.57.202,20.120.57.225,20.120.57.251,20.120.58.20,20.120.58.60,20.120.58.210,20.120.58.218,20.120.58.235,20.120.58.255,20.120.59.0,20.120.59.21,20.120.59.107,20.120.59.200,20.120.59.206,20.120.59.247,20.120.60.94,20.120.60.97,20.120.60.118,20.120.60.157,20.120.60.165,20.120.60.192,20.120.60.200,20.120.60.203,20.120.56.58,20.120.61.0,20.120.61.2,20.120.61.11,20.119.8.0",
            "resource_group_name": "nishant3608dev",
            "site_config": [
              {
                "acr_use_managed_identity_credentials": false,
                "acr_user_managed_identity_client_id": "",
                "always_on": false,
                "app_command_line": "",
                "auto_swap_slot_name": "",
                "cors": [],
                "default_documents": [
                  "Default.htm",
                  "Default.html",
                  "Default.asp",
                  "index.htm",
                  "index.html",
                  "iisstart.htm",
                  "default.aspx",
                  "index.php",
                  "hostingstart.html"
                ],
                "dotnet_framework_version": "v4.0",
                "ftps_state": "AllAllowed",
                "health_check_path": "",
                "http2_enabled": false,
                "ip_restriction": [],
                "java_container": "",
                "java_container_version": "",
                "java_version": "",
                "linux_fx_version": "",
                "local_mysql_enabled": false,
                "managed_pipeline_mode": "Integrated",
                "min_tls_version": "1.2",
                "number_of_workers": 1,
                "php_version": "5.6",
                "python_version": "",
                "remote_debugging_enabled": false,
                "remote_debugging_version": "",
                "scm_ip_restriction": [],
                "scm_type": "None",
                "scm_use_main_ip_restriction": false,
                "use_32_bit_worker_process": true,
                "vnet_route_all_enabled": false,
                "websockets_enabled": false,
                "windows_fx_version": ""
              }
            ],
            "site_credential": [
              {
                "password": "8vKrKHHofMyRcJfdgq02uiGWfwaTdafmbjZh103iMFWJcukL7T4Bi1wkxxjD",
                "username": "$nishant3608dev"
              }
            ],
            "source_control": [
              {
                "branch": "master",
                "manual_integration": false,
                "repo_url": "",
                "rollback_enabled": false,
                "use_mercurial": false
              }
            ],
            "storage_account": [],
            "tags": {},
            "timeouts": null
          },
          "sensitive_attributes": [],
          "private": "eyJlMmJmYjczMC1lY2FhLTExZTYtOGY4OC0zNDM2M2JjN2M0YzAiOnsiY3JlYXRlIjoxODAwMDAwMDAwMDAwLCJkZWxldGUiOjE4MDAwMDAwMDAwMDAsInJlYWQiOjMwMDAwMDAwMDAwMCwidXBkYXRlIjoxODAwMDAwMDAwMDAwfX0=",
          "dependencies": [
            "azurerm_app_service_plan.nishantappserviceplan",
            "azurerm_resource_group.nishant01"
          ]
        }
      ]
    },
    {
      "mode": "managed",
      "type": "azurerm_app_service_plan",
      "name": "nishantappserviceplan",
      "provider": "provider[\"registry.terraform.io/hashicorp/azurerm\"]",
      "instances": [
        {
          "schema_version": 0,
          "attributes": {
            "app_service_environment_id": "",
            "id": "/subscriptions/55cf0ba9-e3c1-4ced-b5e9-5abb7b4d39b1/resourceGroups/nishant3608dev/providers/Microsoft.Web/serverfarms/nishant3608dev",
            "is_xenon": false,
            "kind": "Windows",
            "location": "eastus",
            "maximum_elastic_worker_count": 1,
            "maximum_number_of_workers": 10,
            "name": "nishant3608dev",
            "per_site_scaling": false,
            "reserved": false,
            "resource_group_name": "nishant3608dev",
            "sku": [
              {
                "capacity": 1,
                "size": "S1",
                "tier": "Standard"
              }
            ],
            "tags": {},
            "timeouts": null,
            "zone_redundant": false
          },
          "sensitive_attributes": [],
          "private": "eyJlMmJmYjczMC1lY2FhLTExZTYtOGY4OC0zNDM2M2JjN2M0YzAiOnsiY3JlYXRlIjozNjAwMDAwMDAwMDAwLCJkZWxldGUiOjM2MDAwMDAwMDAwMDAsInJlYWQiOjMwMDAwMDAwMDAwMCwidXBkYXRlIjozNjAwMDAwMDAwMDAwfX0=",
          "dependencies": [
            "azurerm_resource_group.nishant01"
          ]
        }
      ]
    },
    {
      "mode": "managed",
      "type": "azurerm_resource_group",
      "name": "nishant01",
      "provider": "provider[\"registry.terraform.io/hashicorp/azurerm\"]",
      "instances": [
        {
          "schema_version": 0,
          "attributes": {
            "id": "/subscriptions/55cf0ba9-e3c1-4ced-b5e9-5abb7b4d39b1/resourceGroups/nishant3608dev",
            "location": "eastus",
            "name": "nishant3608dev",
            "tags": {},
            "timeouts": null
          },
          "sensitive_attributes": [],
          "private": "eyJlMmJmYjczMC1lY2FhLTExZTYtOGY4OC0zNDM2M2JjN2M0YzAiOnsiY3JlYXRlIjo1NDAwMDAwMDAwMDAwLCJkZWxldGUiOjU0MDAwMDAwMDAwMDAsInJlYWQiOjMwMDAwMDAwMDAwMCwidXBkYXRlIjo1NDAwMDAwMDAwMDAwfX0="
        }
      ]
    },
    {
      "mode": "managed",
      "type": "azurerm_resource_group",
      "name": "nishant02",
      "provider": "provider[\"registry.terraform.io/hashicorp/azurerm\"]",
      "instances": [
        {
          "schema_version": 0,
          "attributes": {
            "id": "/subscriptions/55cf0ba9-e3c1-4ced-b5e9-5abb7b4d39b1/resourceGroups/nishant3608qa",
            "location": "centralindia",
            "name": "nishant3608qa",
            "tags": {},
            "timeouts": null
          },
          "sensitive_attributes": [],
          "private": "eyJlMmJmYjczMC1lY2FhLTExZTYtOGY4OC0zNDM2M2JjN2M0YzAiOnsiY3JlYXRlIjo1NDAwMDAwMDAwMDAwLCJkZWxldGUiOjU0MDAwMDAwMDAwMDAsInJlYWQiOjMwMDAwMDAwMDAwMCwidXBkYXRlIjo1NDAwMDAwMDAwMDAwfX0="
        }
      ]
    },
    {
      "mode": "managed",
      "type": "azurerm_storage_account",
      "name": "nishantstorageaccount",
      "provider": "provider[\"registry.terraform.io/hashicorp/azurerm\"]",
      "instances": [
        {
          "schema_version": 2,
          "attributes": {
            "access_tier": "Hot",
            "account_kind": "StorageV2",
            "account_replication_type": "GRS",
            "account_tier": "Standard",
            "allow_blob_public_access": false,
            "azure_files_authentication": [],
            "blob_properties": [
              {
                "change_feed_enabled": false,
                "container_delete_retention_policy": [],
                "cors_rule": [],
                "default_service_version": "",
                "delete_retention_policy": [],
                "last_access_time_enabled": false,
                "versioning_enabled": false
              }
            ],
            "custom_domain": [],
            "customer_managed_key": [],
            "enable_https_traffic_only": true,
            "id": "/subscriptions/55cf0ba9-e3c1-4ced-b5e9-5abb7b4d39b1/resourceGroups/nishant3608dev/providers/Microsoft.Storage/storageAccounts/nishant3608dev",
            "identity": [],
            "infrastructure_encryption_enabled": false,
            "is_hns_enabled": false,
            "large_file_share_enabled": null,
            "location": "eastus",
            "min_tls_version": "TLS1_0",
            "name": "nishant3608dev",
            "network_rules": [
              {
                "bypass": [
                  "AzureServices"
                ],
                "default_action": "Allow",
                "ip_rules": [],
                "private_link_access": [],
                "virtual_network_subnet_ids": []
              }
            ],
            "nfsv3_enabled": false,
            "primary_access_key": "+OyOfybilfeoCt7wcM9p4MG4gZBZsAl3FfNBdrLmc979pVOUpdiasub9dS97yAH28jPfXrFqEUSb+AStZvWT3A==",
            "primary_blob_connection_string": "DefaultEndpointsProtocol=https;BlobEndpoint=https://nishant3608dev.blob.core.windows.net/;AccountName=nishant3608dev;AccountKey=+OyOfybilfeoCt7wcM9p4MG4gZBZsAl3FfNBdrLmc979pVOUpdiasub9dS97yAH28jPfXrFqEUSb+AStZvWT3A==",
            "primary_blob_endpoint": "https://nishant3608dev.blob.core.windows.net/",
            "primary_blob_host": "nishant3608dev.blob.core.windows.net",
            "primary_connection_string": "DefaultEndpointsProtocol=https;AccountName=nishant3608dev;AccountKey=+OyOfybilfeoCt7wcM9p4MG4gZBZsAl3FfNBdrLmc979pVOUpdiasub9dS97yAH28jPfXrFqEUSb+AStZvWT3A==;EndpointSuffix=core.windows.net",
            "primary_dfs_endpoint": "https://nishant3608dev.dfs.core.windows.net/",
            "primary_dfs_host": "nishant3608dev.dfs.core.windows.net",
            "primary_file_endpoint": "https://nishant3608dev.file.core.windows.net/",
            "primary_file_host": "nishant3608dev.file.core.windows.net",
            "primary_location": "eastus",
            "primary_queue_endpoint": "https://nishant3608dev.queue.core.windows.net/",
            "primary_queue_host": "nishant3608dev.queue.core.windows.net",
            "primary_table_endpoint": "https://nishant3608dev.table.core.windows.net/",
            "primary_table_host": "nishant3608dev.table.core.windows.net",
            "primary_web_endpoint": "https://nishant3608dev.z13.web.core.windows.net/",
            "primary_web_host": "nishant3608dev.z13.web.core.windows.net",
            "queue_encryption_key_type": "Service",
            "queue_properties": [
              {
                "cors_rule": [],
                "hour_metrics": [
                  {
                    "enabled": true,
                    "include_apis": true,
                    "retention_policy_days": 7,
                    "version": "1.0"
                  }
                ],
                "logging": [
                  {
                    "delete": false,
                    "read": false,
                    "retention_policy_days": 0,
                    "version": "1.0",
                    "write": false
                  }
                ],
                "minute_metrics": [
                  {
                    "enabled": false,
                    "include_apis": false,
                    "retention_policy_days": 0,
                    "version": "1.0"
                  }
                ]
              }
            ],
            "resource_group_name": "nishant3608dev",
            "routing": [],
            "secondary_access_key": "xaO6LQapBvlIfQaw275AlY3IgUoswNNszqgeKJZtyciH0JeaSj4/zODduIphaEXn9wfIr2PvxliG+AStp7teRg==",
            "secondary_blob_connection_string": "",
            "secondary_blob_endpoint": null,
            "secondary_blob_host": null,
            "secondary_connection_string": "DefaultEndpointsProtocol=https;AccountName=nishant3608dev;AccountKey=xaO6LQapBvlIfQaw275AlY3IgUoswNNszqgeKJZtyciH0JeaSj4/zODduIphaEXn9wfIr2PvxliG+AStp7teRg==;EndpointSuffix=core.windows.net",
            "secondary_dfs_endpoint": null,
            "secondary_dfs_host": null,
            "secondary_file_endpoint": null,
            "secondary_file_host": null,
            "secondary_location": "westus",
            "secondary_queue_endpoint": null,
            "secondary_queue_host": null,
            "secondary_table_endpoint": null,
            "secondary_table_host": null,
            "secondary_web_endpoint": null,
            "secondary_web_host": null,
            "share_properties": [
              {
                "cors_rule": [],
                "retention_policy": [
                  {
                    "days": 7
                  }
                ],
                "smb": []
              }
            ],
            "shared_access_key_enabled": true,
            "static_website": [],
            "table_encryption_key_type": "Service",
            "tags": null,
            "timeouts": null
          },
          "sensitive_attributes": [],
          "private": "eyJlMmJmYjczMC1lY2FhLTExZTYtOGY4OC0zNDM2M2JjN2M0YzAiOnsiY3JlYXRlIjozNjAwMDAwMDAwMDAwLCJkZWxldGUiOjM2MDAwMDAwMDAwMDAsInJlYWQiOjMwMDAwMDAwMDAwMCwidXBkYXRlIjozNjAwMDAwMDAwMDAwfSwic2NoZW1hX3ZlcnNpb24iOiIyIn0=",
          "dependencies": [
            "azurerm_resource_group.nishant01"
          ]
        }
      ]
    }
  ]
}
